
Microsoft Visual Studio Solution File, Format Version 12.00
# Visual Studio Version 17
VisualStudioVersion = 17.14.36408.4 d17.14
MinimumVisualStudioVersion = 10.0.40219.1
Project("{FAE04EC0-301F-11D3-BF4B-00C04F79EFBC}") = "Projeto Jogo Eco Pong", "Projeto Jogo Eco Pong\Projeto Jogo Eco Pong.csproj", "{5221BC0E-6117-4567-8B39-FA34F68CD3C0}"
EndProject
Global
	GlobalSection(SolutionConfigurationPlatforms) = preSolution
		Debug|Any CPU = Debug|Any CPU
		Release|Any CPU = Release|Any CPU
	EndGlobalSection
	GlobalSection(ProjectConfigurationPlatforms) = postSolution
		{5221BC0E-6117-4567-8B39-FA34F68CD3C0}.Debug|Any CPU.ActiveCfg = Debug|Any CPU
		{5221BC0E-6117-4567-8B39-FA34F68CD3C0}.Debug|Any CPU.Build.0 = Debug|Any CPU
		{5221BC0E-6117-4567-8B39-FA34F68CD3C0}.Release|Any CPU.ActiveCfg = Release|Any CPU
		{5221BC0E-6117-4567-8B39-FA34F68CD3C0}.Release|Any CPU.Build.0 = Release|Any CPU
	EndGlobalSection
	GlobalSection(SolutionProperties) = preSolution
		HideSolutionNode = FALSE
	EndGlobalSection
	GlobalSection(ExtensibilityGlobals) = postSolution
		SolutionGuid = {D37A1201-9D8E-4000-8D3D-9843809684CC}
	EndGlobalSection
EndGlobal
